// !$*UTF8*$!
{
	archiveVersion = 1;
	classes = {
	};
	objectVersion = 46;
	objects = {

/* Begin PBXBuildFile section */
		3002D4071C3E5DE400C5AECB /* AppDelegate.swift in Sources */ = {isa = PBXBuildFile; fileRef = 3002D4061C3E5DE400C5AECB /* AppDelegate.swift */; };
		3002D4091C3E5DE400C5AECB /* ViewController.swift in Sources */ = {isa = PBXBuildFile; fileRef = 3002D4081C3E5DE400C5AECB /* ViewController.swift */; };
		3002D40C1C3E5DE400C5AECB /* Main.storyboard in Resources */ = {isa = PBXBuildFile; fileRef = 3002D40A1C3E5DE400C5AECB /* Main.storyboard */; };
		3002D40E1C3E5DE400C5AECB /* Assets.xcassets in Resources */ = {isa = PBXBuildFile; fileRef = 3002D40D1C3E5DE400C5AECB /* Assets.xcassets */; };
		3002D4111C3E5DE400C5AECB /* LaunchScreen.storyboard in Resources */ = {isa = PBXBuildFile; fileRef = 3002D40F1C3E5DE400C5AECB /* LaunchScreen.storyboard */; };
		30C356D11B4BBB7B0067C7FE /* main.m in Sources */ = {isa = PBXBuildFile; fileRef = 30C356D01B4BBB7B0067C7FE /* main.m */; };
		30C356D41B4BBB7B0067C7FE /* AppDelegate.m in Sources */ = {isa = PBXBuildFile; fileRef = 30C356D31B4BBB7B0067C7FE /* AppDelegate.m */; };
		30C356D71B4BBB7B0067C7FE /* ViewController.m in Sources */ = {isa = PBXBuildFile; fileRef = 30C356D61B4BBB7B0067C7FE /* ViewController.m */; };
		30C356DA1B4BBB7B0067C7FE /* Main.storyboard in Resources */ = {isa = PBXBuildFile; fileRef = 30C356D81B4BBB7B0067C7FE /* Main.storyboard */; };
		30C356DC1B4BBB7B0067C7FE /* Images.xcassets in Resources */ = {isa = PBXBuildFile; fileRef = 30C356DB1B4BBB7B0067C7FE /* Images.xcassets */; };
		30C356DF1B4BBB7B0067C7FE /* LaunchScreen.xib in Resources */ = {isa = PBXBuildFile; fileRef = 30C356DD1B4BBB7B0067C7FE /* LaunchScreen.xib */; };
		30C356F71B4BBBBD0067C7FE /* DYAlertPickView.m in Sources */ = {isa = PBXBuildFile; fileRef = 30C356F61B4BBBBD0067C7FE /* DYAlertPickView.m */; };
/* End PBXBuildFile section */

/* Begin PBXFileReference section */
		3002D4041C3E5DE400C5AECB /* DYAlertPickerViewDemo-Swift.app */ = {isa = PBXFileReference; explicitFileType = wrapper.application; includeInIndex = 0; path = "DYAlertPickerViewDemo-Swift.app"; sourceTree = BUILT_PRODUCTS_DIR; };
		3002D4061C3E5DE400C5AECB /* AppDelegate.swift */ = {isa = PBXFileReference; lastKnownFileType = sourcecode.swift; path = AppDelegate.swift; sourceTree = "<group>"; };
		3002D4081C3E5DE400C5AECB /* ViewController.swift */ = {isa = PBXFileReference; lastKnownFileType = sourcecode.swift; path = ViewController.swift; sourceTree = "<group>"; };
		3002D40B1C3E5DE400C5AECB /* Base */ = {isa = PBXFileReference; lastKnownFileType = file.storyboard; name = Base; path = Base.lproj/Main.storyboard; sourceTree = "<group>"; };
		3002D40D1C3E5DE400C5AECB /* Assets.xcassets */ = {isa = PBXFileReference; lastKnownFileType = folder.assetcatalog; path = Assets.xcassets; sourceTree = "<group>"; };
		3002D4101C3E5DE400C5AECB /* Base */ = {isa = PBXFileReference; lastKnownFileType = file.storyboard; name = Base; path = Base.lproj/LaunchScreen.storyboard; sourceTree = "<group>"; };
		3002D4121C3E5DE400C5AECB /* Info.plist */ = {isa = PBXFileReference; lastKnownFileType = text.plist.xml; path = Info.plist; sourceTree = "<group>"; };
		3002D4161C3E5E5400C5AECB /* DYAlertPickerView-Bridging-Header.h */ = {isa = PBXFileReference; fileEncoding = 4; lastKnownFileType = sourcecode.c.h; path = "DYAlertPickerView-Bridging-Header.h"; sourceTree = "<group>"; };
		30C356CB1B4BBB7B0067C7FE /* DYAlertPickerViewDemo.app */ = {isa = PBXFileReference; explicitFileType = wrapper.application; includeInIndex = 0; path = DYAlertPickerViewDemo.app; sourceTree = BUILT_PRODUCTS_DIR; };
		30C356CF1B4BBB7B0067C7FE /* Info.plist */ = {isa = PBXFileReference; lastKnownFileType = text.plist.xml; path = Info.plist; sourceTree = "<group>"; };
		30C356D01B4BBB7B0067C7FE /* main.m */ = {isa = PBXFileReference; lastKnownFileType = sourcecode.c.objc; path = main.m; sourceTree = "<group>"; };
		30C356D21B4BBB7B0067C7FE /* AppDelegate.h */ = {isa = PBXFileReference; lastKnownFileType = sourcecode.c.h; path = AppDelegate.h; sourceTree = "<group>"; };
		30C356D31B4BBB7B0067C7FE /* AppDelegate.m */ = {isa = PBXFileReference; lastKnownFileType = sourcecode.c.objc; path = AppDelegate.m; sourceTree = "<group>"; };
		30C356D51B4BBB7B0067C7FE /* ViewController.h */ = {isa = PBXFileReference; lastKnownFileType = sourcecode.c.h; path = ViewController.h; sourceTree = "<group>"; };
		30C356D61B4BBB7B0067C7FE /* ViewController.m */ = {isa = PBXFileReference; lastKnownFileType = sourcecode.c.objc; path = ViewController.m; sourceTree = "<group>"; };
		30C356D91B4BBB7B0067C7FE /* Base */ = {isa = PBXFileReference; lastKnownFileType = file.storyboard; name = Base; path = Base.lproj/Main.storyboard; sourceTree = "<group>"; };
		30C356DB1B4BBB7B0067C7FE /* Images.xcassets */ = {isa = PBXFileReference; lastKnownFileType = folder.assetcatalog; path = Images.xcassets; sourceTree = "<group>"; };
		30C356DE1B4BBB7B0067C7FE /* Base */ = {isa = PBXFileReference; lastKnownFileType = file.xib; name = Base; path = Base.lproj/LaunchScreen.xib; sourceTree = "<group>"; };
		30C356E91B4BBB7B0067C7FE /* Info.plist */ = {isa = PBXFileReference; lastKnownFileType = text.plist.xml; path = Info.plist; sourceTree = "<group>"; };
		30C356EA1B4BBB7B0067C7FE /* DYAlertPickerViewDemoTests.m */ = {isa = PBXFileReference; lastKnownFileType = sourcecode.c.objc; path = DYAlertPickerViewDemoTests.m; sourceTree = "<group>"; };
		30C356F51B4BBBBD0067C7FE /* DYAlertPickView.h */ = {isa = PBXFileReference; fileEncoding = 4; lastKnownFileType = sourcecode.c.h; path = DYAlertPickView.h; sourceTree = "<group>"; };
		30C356F61B4BBBBD0067C7FE /* DYAlertPickView.m */ = {isa = PBXFileReference; fileEncoding = 4; lastKnownFileType = sourcecode.c.objc; path = DYAlertPickView.m; sourceTree = "<group>"; };
/* End PBXFileReference section */

/* Begin PBXFrameworksBuildPhase section */
		3002D4011C3E5DE400C5AECB /* Frameworks */ = {
			isa = PBXFrameworksBuildPhase;
			buildActionMask = 2147483647;
			files = (
			);
			runOnlyForDeploymentPostprocessing = 0;
		};
		30C356C81B4BBB7B0067C7FE /* Frameworks */ = {
			isa = PBXFrameworksBuildPhase;
			buildActionMask = 2147483647;
			files = (
			);
			runOnlyForDeploymentPostprocessing = 0;
		};
/* End PBXFrameworksBuildPhase section */

/* Begin PBXGroup section */
		3002D4051C3E5DE400C5AECB /* DYAlertPickerViewDemo-Swift */ = {
			isa = PBXGroup;
			children = (
				3002D4061C3E5DE400C5AECB /* AppDelegate.swift */,
				3002D4081C3E5DE400C5AECB /* ViewController.swift */,
				3002D40A1C3E5DE400C5AECB /* Main.storyboard */,
				3002D40D1C3E5DE400C5AECB /* Assets.xcassets */,
				3002D40F1C3E5DE400C5AECB /* LaunchScreen.storyboard */,
				3002D4121C3E5DE400C5AECB /* Info.plist */,
				3002D4161C3E5E5400C5AECB /* DYAlertPickerView-Bridging-Header.h */,
			);
			path = "DYAlertPickerViewDemo-Swift";
			sourceTree = "<group>";
		};
		30C356C21B4BBB7B0067C7FE = {
			isa = PBXGroup;
			children = (
				30C356F41B4BBBBD0067C7FE /* DYAlertPickerView */,
				30C356CD1B4BBB7B0067C7FE /* DYAlertPickerViewDemo */,
				30C356E71B4BBB7B0067C7FE /* DYAlertPickerViewDemoTests */,
				3002D4051C3E5DE400C5AECB /* DYAlertPickerViewDemo-Swift */,
				30C356CC1B4BBB7B0067C7FE /* Products */,
			);
			sourceTree = "<group>";
		};
		30C356CC1B4BBB7B0067C7FE /* Products */ = {
			isa = PBXGroup;
			children = (
				30C356CB1B4BBB7B0067C7FE /* DYAlertPickerViewDemo.app */,
				3002D4041C3E5DE400C5AECB /* DYAlertPickerViewDemo-Swift.app */,
			);
			name = Products;
			sourceTree = "<group>";
		};
		30C356CD1B4BBB7B0067C7FE /* DYAlertPickerViewDemo */ = {
			isa = PBXGroup;
			children = (
				30C356D21B4BBB7B0067C7FE /* AppDelegate.h */,
				30C356D31B4BBB7B0067C7FE /* AppDelegate.m */,
				30C356D51B4BBB7B0067C7FE /* ViewController.h */,
				30C356D61B4BBB7B0067C7FE /* ViewController.m */,
				30C356D81B4BBB7B0067C7FE /* Main.storyboard */,
				30C356DB1B4BBB7B0067C7FE /* Images.xcassets */,
				30C356DD1B4BBB7B0067C7FE /* LaunchScreen.xib */,
				30C356CE1B4BBB7B0067C7FE /* Supporting Files */,
			);
			path = DYAlertPickerViewDemo;
			sourceTree = "<group>";
		};
		30C356CE1B4BBB7B0067C7FE /* Supporting Files */ = {
			isa = PBXGroup;
			children = (
				30C356CF1B4BBB7B0067C7FE /* Info.plist */,
				30C356D01B4BBB7B0067C7FE /* main.m */,
			);
			name = "Supporting Files";
			sourceTree = "<group>";
		};
		30C356E71B4BBB7B0067C7FE /* DYAlertPickerViewDemoTests */ = {
			isa = PBXGroup;
			children = (
				30C356EA1B4BBB7B0067C7FE /* DYAlertPickerViewDemoTests.m */,
				30C356E81B4BBB7B0067C7FE /* Supporting Files */,
			);
			path = DYAlertPickerViewDemoTests;
			sourceTree = "<group>";
		};
		30C356E81B4BBB7B0067C7FE /* Supporting Files */ = {
			isa = PBXGroup;
			children = (
				30C356E91B4BBB7B0067C7FE /* Info.plist */,
			);
			name = "Supporting Files";
			sourceTree = "<group>";
		};
		30C356F41B4BBBBD0067C7FE /* DYAlertPickerView */ = {
			isa = PBXGroup;
			children = (
				30C356F51B4BBBBD0067C7FE /* DYAlertPickView.h */,
				30C356F61B4BBBBD0067C7FE /* DYAlertPickView.m */,
			);
			name = DYAlertPickerView;
			path = DYAlertPickerViewDemo/DYAlertPickerView;
			sourceTree = "<group>";
		};
/* End PBXGroup section */

/* Begin PBXNativeTarget section */
		3002D4031C3E5DE400C5AECB /* DYAlertPickerViewDemo-Swift */ = {
			isa = PBXNativeTarget;
			buildConfigurationList = 3002D4131C3E5DE400C5AECB /* Build configuration list for PBXNativeTarget "DYAlertPickerViewDemo-Swift" */;
			buildPhases = (
				3002D4001C3E5DE400C5AECB /* Sources */,
				3002D4011C3E5DE400C5AECB /* Frameworks */,
				3002D4021C3E5DE400C5AECB /* Resources */,
			);
			buildRules = (
			);
			dependencies = (
			);
			name = "DYAlertPickerViewDemo-Swift";
			productName = "DYAlertPickerViewDemo-Swift";
			productReference = 3002D4041C3E5DE400C5AECB /* DYAlertPickerViewDemo-Swift.app */;
			productType = "com.apple.product-type.application";
		};
		30C356CA1B4BBB7B0067C7FE /* DYAlertPickerViewDemo */ = {
			isa = PBXNativeTarget;
			buildConfigurationList = 30C356EE1B4BBB7B0067C7FE /* Build configuration list for PBXNativeTarget "DYAlertPickerViewDemo" */;
			buildPhases = (
				30C356C71B4BBB7B0067C7FE /* Sources */,
				30C356C81B4BBB7B0067C7FE /* Frameworks */,
				30C356C91B4BBB7B0067C7FE /* Resources */,
			);
			buildRules = (
			);
			dependencies = (
			);
			name = DYAlertPickerViewDemo;
			productName = DYAlertPickerViewDemo;
			productReference = 30C356CB1B4BBB7B0067C7FE /* DYAlertPickerViewDemo.app */;
			productType = "com.apple.product-type.application";
		};
/* End PBXNativeTarget section */

/* Begin PBXProject section */
		30C356C31B4BBB7B0067C7FE /* Project object */ = {
			isa = PBXProject;
			attributes = {
				LastSwiftUpdateCheck = 0720;
				LastUpgradeCheck = 0720;
				ORGANIZATIONNAME = danny;
				TargetAttributes = {
					3002D4031C3E5DE400C5AECB = {
						CreatedOnToolsVersion = 7.2;
					};
					30C356CA1B4BBB7B0067C7FE = {
						CreatedOnToolsVersion = 6.4;
					};
				};
			};
			buildConfigurationList = 30C356C61B4BBB7B0067C7FE /* Build configuration list for PBXProject "DYAlertPickerViewDemo" */;
			compatibilityVersion = "Xcode 3.2";
			developmentRegion = English;
			hasScannedForEncodings = 0;
			knownRegions = (
				en,
				Base,
			);
			mainGroup = 30C356C21B4BBB7B0067C7FE;
			productRefGroup = 30C356CC1B4BBB7B0067C7FE /* Products */;
			projectDirPath = "";
			projectRoot = "";
			targets = (
				30C356CA1B4BBB7B0067C7FE /* DYAlertPickerViewDemo */,
				3002D4031C3E5DE400C5AECB /* DYAlertPickerViewDemo-Swift */,
			);
		};
/* End PBXProject section */

/* Begin PBXResourcesBuildPhase section */
		3002D4021C3E5DE400C5AECB /* Resources */ = {
			isa = PBXResourcesBuildPhase;
			buildActionMask = 2147483647;
			files = (
				3002D4111C3E5DE400C5AECB /* LaunchScreen.storyboard in Resources */,
				3002D40E1C3E5DE400C5AECB /* Assets.xcassets in Resources */,
				3002D40C1C3E5DE400C5AECB /* Main.storyboard in Resources */,
			);
			runOnlyForDeploymentPostprocessing = 0;
		};
		30C356C91B4BBB7B0067C7FE /* Resources */ = {
			isa = PBXResourcesBuildPhase;
			buildActionMask = 2147483647;
			files = (
				30C356DA1B4BBB7B0067C7FE /* Main.storyboard in Resources */,
				30C356DF1B4BBB7B0067C7FE /* LaunchScreen.xib in Resources */,
				30C356DC1B4BBB7B0067C7FE /* Images.xcassets in Resources */,
			);
			runOnlyForDeploymentPostprocessing = 0;
		};
/* End PBXResourcesBuildPhase section */

/* Begin PBXSourcesBuildPhase section */
		3002D4001C3E5DE400C5AECB /* Sources */ = {
			isa = PBXSourcesBuildPhase;
			buildActionMask = 2147483647;
			files = (
				3002D4091C3E5DE400C5AECB /* ViewController.swift in Sources */,
				3002D4071C3E5DE400C5AECB /* AppDelegate.swift in Sources */,
			);
			runOnlyForDeploymentPostprocessing = 0;
		};
		30C356C71B4BBB7B0067C7FE /* Sources */ = {
			isa = PBXSourcesBuildPhase;
			buildActionMask = 2147483647;
			files = (
				30C356D71B4BBB7B0067C7FE /* ViewController.m in Sources */,
				30C356D41B4BBB7B0067C7FE /* AppDelegate.m in Sources */,
				30C356F71B4BBBBD0067C7FE /* DYAlertPickView.m in Sources */,
				30C356D11B4BBB7B0067C7FE /* main.m in Sources */,
			);
			runOnlyForDeploymentPostprocessing = 0;
		};
/* End PBXSourcesBuildPhase section */

/* Begin PBXVariantGroup section */
		3002D40A1C3E5DE400C5AECB /* Main.storyboard */ = {
			isa = PBXVariantGroup;
			children = (
				3002D40B1C3E5DE400C5AECB /* Base */,
			);
			name = Main.storyboard;
			sourceTree = "<group>";
		};
		3002D40F1C3E5DE400C5AECB /* LaunchScreen.storyboard */ = {
			isa = PBXVariantGroup;
			children = (
				3002D4101C3E5DE400C5AECB /* Base */,
			);
			name = LaunchScreen.storyboard;
			sourceTree = "<group>";
		};
		30C356D81B4BBB7B0067C7FE /* Main.storyboard */ = {
			isa = PBXVariantGroup;
			children = (
				30C356D91B4BBB7B0067C7FE /* Base */,
			);
			name = Main.storyboard;
			sourceTree = "<group>";
		};
		30C356DD1B4BBB7B0067C7FE /* LaunchScreen.xib */ = {
			isa = PBXVariantGroup;
			children = (
				30C356DE1B4BBB7B0067C7FE /* Base */,
			);
			name = LaunchScreen.xib;
			sourceTree = "<group>";
		};
/* End PBXVariantGroup section */

/* Begin XCBuildConfiguration section */
		3002D4141C3E5DE400C5AECB /* Debug */ = {
			isa = XCBuildConfiguration;
			buildSettings = {
				ASSETCATALOG_COMPILER_APPICON_NAME = AppIcon;
				DEBUG_INFORMATION_FORMAT = dwarf;
				INFOPLIST_FILE = "DYAlertPickerViewDemo-Swift/Info.plist";
				IPHONEOS_DEPLOYMENT_TARGET = 9.2;
				LD_RUNPATH_SEARCH_PATHS = "$(inherited) @executable_path/Frameworks";
				ONLY_ACTIVE_ARCH = YES;
				PRODUCT_BUNDLE_IDENTIFIER = "tw.35g.cms.ios.DYAlertPickerViewDemo-Swift";
				PRODUCT_NAME = "$(TARGET_NAME)";
				"SWIFT_OBJC_BRIDGING_HEADER[arch=*]" = "DYAlertPickerViewDemo-Swift/DYAlertPickerView-Bridging-Header.h";
				SWIFT_OPTIMIZATION_LEVEL = "-Onone";
			};
			name = Debug;
		};
		3002D4151C3E5DE400C5AECB /* Release */ = {
			isa = XCBuildConfiguration;
			buildSettings = {
				ASSETCATALOG_COMPILER_APPICON_NAME = AppIcon;
				INFOPLIST_FILE = "DYAlertPickerViewDemo-Swift/Info.plist";
				IPHONEOS_DEPLOYMENT_TARGET = 9.2;
				LD_RUNPATH_SEARCH_PATHS = "$(inherited) @executable_path/Frameworks";
				PRODUCT_BUNDLE_IDENTIFIER = "tw.35g.cms.ios.DYAlertPickerViewDemo-Swift";
				PRODUCT_NAME = "$(TARGET_NAME)";
				"SWIFT_OBJC_BRIDGING_HEADER[arch=*]" = "DYAlertPickerViewDemo-Swift/DYAlertPickerView-Bridging-Header.h";
			};
			name = Release;
		};
		30C356EC1B4BBB7B0067C7FE /* Debug */ = {
			isa = XCBuildConfiguration;
			buildSettings = {
				ALWAYS_SEARCH_USER_PATHS = NO;
				CLANG_CXX_LANGUAGE_STANDARD = "gnu++0x";
				CLANG_CXX_LIBRARY = "libc++";
				CLANG_ENABLE_MODULES = YES;
				CLANG_ENABLE_OBJC_ARC = YES;
				CLANG_WARN_BOOL_CONVERSION = YES;
				CLANG_WARN_CONSTANT_CONVERSION = YES;
				CLANG_WARN_DIRECT_OBJC_ISA_USAGE = YES_ERROR;
				CLANG_WARN_EMPTY_BODY = YES;
				CLANG_WARN_ENUM_CONVERSION = YES;
				CLANG_WARN_INT_CONVERSION = YES;
				CLANG_WARN_OBJC_ROOT_CLASS = YES_ERROR;
				CLANG_WARN_UNREACHABLE_CODE = YES;
				CLANG_WARN__DUPLICATE_METHOD_MATCH = YES;
				"CODE_SIGN_IDENTITY[sdk=iphoneos*]" = "iPhone Developer";
				COPY_PHASE_STRIP = NO;
				DEBUG_INFORMATION_FORMAT = "dwarf-with-dsym";
				ENABLE_STRICT_OBJC_MSGSEND = YES;
				ENABLE_TESTABILITY = YES;
				GCC_C_LANGUAGE_STANDARD = gnu99;
				GCC_DYNAMIC_NO_PIC = NO;
				GCC_NO_COMMON_BLOCKS = YES;
				GCC_OPTIMIZATION_LEVEL = 0;
				GCC_PREPROCESSOR_DEFINITIONS = (
					"DEBUG=1",
					"$(inherited)",
				);
				GCC_SYMBOLS_PRIVATE_EXTERN = NO;
				GCC_WARN_64_TO_32_BIT_CONVERSION = YES;
				GCC_WARN_ABOUT_RETURN_TYPE = YES_ERROR;
				GCC_WARN_UNDECLARED_SELECTOR = YES;
				GCC_WARN_UNINITIALIZED_AUTOS = YES_AGGRESSIVE;
				GCC_WARN_UNUSED_FUNCTION = YES;
				GCC_WARN_UNUSED_VARIABLE = YES;
				IPHONEOS_DEPLOYMENT_TARGET = 7.1;
				MTL_ENABLE_DEBUG_INFO = YES;
				ONLY_ACTIVE_ARCH = NO;
				SDKROOT = iphoneos;
				TARGETED_DEVICE_FAMILY = "1,2";
			};
			name = Debug;
		};
		30C356ED1B4BBB7B0067C7FE /* Release */ = {
			isa = XCBuildConfiguration;
			buildSettings = {
				ALWAYS_SEARCH_USER_PATHS = NO;
				CLANG_CXX_LANGUAGE_STANDARD = "gnu++0x";
				CLANG_CXX_LIBRARY = "libc++";
				CLANG_ENABLE_MODULES = YES;
				CLANG_ENABLE_OBJC_ARC = YES;
				CLANG_WARN_BOOL_CONVERSION = YES;
				CLANG_WARN_CONSTANT_CONVERSION = YES;
				CLANG_WARN_DIRECT_OBJC_ISA_USAGE = YES_ERROR;
				CLANG_WARN_EMPTY_BODY = YES;
				CLANG_WARN_ENUM_CONVERSION = YES;
				CLANG_WARN_INT_CONVERSION = YES;
				CLANG_WARN_OBJC_ROOT_CLASS = YES_ERROR;
				CLANG_WARN_UNREACHABLE_CODE = YES;
				CLANG_WARN__DUPLICATE_METHOD_MATCH = YES;
				"CODE_SIGN_IDENTITY[sdk=iphoneos*]" = "iPhone Developer";
				COPY_PHASE_STRIP = NO;
				DEBUG_INFORMATION_FORMAT = "dwarf-with-dsym";
				ENABLE_NS_ASSERTIONS = NO;
				ENABLE_STRICT_OBJC_MSGSEND = YES;
				GCC_C_LANGUAGE_STANDARD = gnu99;
				GCC_NO_COMMON_BLOCKS = YES;
				GCC_WARN_64_TO_32_BIT_CONVERSION = YES;
				GCC_WARN_ABOUT_RETURN_TYPE = YES_ERROR;
				GCC_WARN_UNDECLARED_SELECTOR = YES;
				GCC_WARN_UNINITIALIZED_AUTOS = YES_AGGRESSIVE;
				GCC_WARN_UNUSED_FUNCTION = YES;
				GCC_WARN_UNUSED_VARIABLE = YES;
				IPHONEOS_DEPLOYMENT_TARGET = 7.1;
				MTL_ENABLE_DEBUG_INFO = NO;
				ONLY_ACTIVE_ARCH = NO;
				SDKROOT = iphoneos;
				TARGETED_DEVICE_FAMILY = "1,2";
				VALIDATE_PRODUCT = YES;
			};
			name = Release;
		};
		30C356EF1B4BBB7B0067C7FE /* Debug */ = {
			isa = XCBuildConfiguration;
			buildSettings = {
				ASSETCATALOG_COMPILER_APPICON_NAME = AppIcon;
				ASSETCATALOG_COMPILER_LAUNCHIMAGE_NAME = LaunchImage;
				INFOPLIST_FILE = DYAlertPickerViewDemo/Info.plist;
				IPHONEOS_DEPLOYMENT_TARGET = 7.1;
				LD_RUNPATH_SEARCH_PATHS = "$(inherited) @executable_path/Frameworks";
				ONLY_ACTIVE_ARCH = NO;
				PRODUCT_BUNDLE_IDENTIFIER = "tw.35g.cms.ui.$(PRODUCT_NAME:rfc1034identifier)";
				PRODUCT_NAME = "$(TARGET_NAME)";
			};
			name = Debug;
		};
		30C356F01B4BBB7B0067C7FE /* Release */ = {
			isa = XCBuildConfiguration;
			buildSettings = {
				ASSETCATALOG_COMPILER_APPICON_NAME = AppIcon;
				ASSETCATALOG_COMPILER_LAUNCHIMAGE_NAME = LaunchImage;
				INFOPLIST_FILE = DYAlertPickerViewDemo/Info.plist;
				IPHONEOS_DEPLOYMENT_TARGET = 7.1;
				LD_RUNPATH_SEARCH_PATHS = "$(inherited) @executable_path/Frameworks";
				ONLY_ACTIVE_ARCH = NO;
				PRODUCT_BUNDLE_IDENTIFIER = "tw.35g.cms.ui.$(PRODUCT_NAME:rfc1034identifier)";
				PRODUCT_NAME = "$(TARGET_NAME)";
			};
			name = Release;
		};
/* End XCBuildConfiguration section */

/* Begin XCConfigurationList section */
		3002D4131C3E5DE400C5AECB /* Build configuration list for PBXNativeTarget "DYAlertPickerViewDemo-Swift" */ = {
			isa = XCConfigurationList;
			buildConfigurations = (
				3002D4141C3E5DE400C5AECB /* Debug */,
				3002D4151C3E5DE400C5AECB /* Release */,
			);
			defaultConfigurationIsVisible = 0;
		};
		30C356C61B4BBB7B0067C7FE /* Build configuration list for PBXProject "DYAlertPickerViewDemo" */ = {
			isa = XCConfigurationList;
			buildConfigurations = (
				30C356EC1B4BBB7B0067C7FE /* Debug */,
				30C356ED1B4BBB7B0067C7FE /* Release */,
			);
			defaultConfigurationIsVisible = 0;
			defaultConfigurationName = Release;
		};
		30C356EE1B4BBB7B0067C7FE /* Build configuration list for PBXNativeTarget "DYAlertPickerViewDemo" */ = {
			isa = XCConfigurationList;
			buildConfigurations = (
				30C356EF1B4BBB7B0067C7FE /* Debug */,
				30C356F01B4BBB7B0067C7FE /* Release */,
			);
			defaultConfigurationIsVisible = 0;
			defaultConfigurationName = Release;
		};
/* End XCConfigurationList section */
	};
	rootObject = 30C356C31B4BBB7B0067C7FE /* Project object */;
}
